{
  "lockfile_version": "1",
  "packages": {
    "clang-tools@latest": {
      "last_modified": "2026-04-23T13:07:47Z",
      "resolved": "github:NixOS/nixpkgs/01fbdeef22b76df85ea168fbfe1bfd9e63681b30#clang-tools",
      "source": "devbox-search",
      "version": "21.1.8",
      "systems": {
        "aarch64-darwin": {
          "outputs": [
            {
              "name": "out",
              "path": "/nix/store/bw3x1vkn4gdbhmjzqnjrznx7zd6ylc2k-clang-tools-21.1.8",
              "default": true
            }
          ],
          "store_path": "/nix/store/bw3x1vkn4gdbhmjzqnjrznx7zd6ylc2k-clang-tools-21.1.8"
        },
        "aarch64-linux": {
          "outputs": [
            {
              "name": "out",
              "path": "/nix/store/6brkgrckqbashgarh3iqw79hqb075ijz-clang-tools-21.1.8",
              "default": true
            }
          ],
          "store_path": "/nix/store/6brkgrckqbashgarh3iqw79hqb075ijz-clang-tools-21.1.8"
        },
        "x86_64-darwin": {
          "outputs": [
            {
              "name": "out",
              "path": "/nix/store/l6i8gmm17pqzp2f4js69zvmw2rckagvq-clang-tools-21.1.8",
              "default": true
            }
          ],
          "store_path": "/nix/store/l6i8gmm17pqzp2f4js69zvmw2rckagvq-clang-tools-21.1.8"
        },
        "x86_64-linux": {
          "outputs": [
            {
              "name": "out",
              "path": "/nix/store/55mfy3z8nv3d7hjghybnk2fmazyqfyhh-clang-tools-21.1.8",
              "default": true
            }
          ],
          "store_path": "/nix/store/55mfy3z8nv3d7hjghybnk2fmazyqfyhh-clang-tools-21.1.8"
        }
      }
    },
    "clang@latest": {
      "last_modified": "2026-04-23T13:07:47Z",
      "resolved": "github:NixOS/nixpkgs/01fbdeef22b76df85ea168fbfe1bfd9e63681b30#clang",
      "source": "devbox-search",
      "version": "21.1.8",
      "systems": {
        "aarch64-darwin": {
          "outputs": [
            {
              "name": "out",
              "path": "/nix/store/rwsbw420hcq148hifv7fga6r4g0k1dw8-clang-wrapper-21.1.8",
              "default": true
            }
          ],
          "store_path": "/nix/store/rwsbw420hcq148hifv7fga6r4g0k1dw8-clang-wrapper-21.1.8"
        },
        "aarch64-linux": {
          "outputs": [
            {
              "name": "out",
              "path": "/nix/store/07dbczj01x1g8876yc11mrpdilqjq0vz-clang-wrapper-21.1.8",
              "default": true
            }
          ],
          "store_path": "/nix/store/07dbczj01x1g8876yc11mrpdilqjq0vz-clang-wrapper-21.1.8"
        },
        "x86_64-darwin": {
          "outputs": [
            {
              "name": "out",
              "path": "/nix/store/b27wqif15k5b2k7j13ajh401d2g4a9m6-clang-wrapper-21.1.8",
              "default": true
            }
          ],
          "store_path": "/nix/store/b27wqif15k5b2k7j13ajh401d2g4a9m6-clang-wrapper-21.1.8"
        },
        "x86_64-linux": {
          "outputs": [
            {
              "name": "out",
              "path": "/nix/store/mw4gasdvwgscgpxpzihjgchfhs3hhqhn-clang-wrapper-21.1.8",
              "default": true
            }
          ],
          "store_path": "/nix/store/mw4gasdvwgscgpxpzihjgchfhs3hhqhn-clang-wrapper-21.1.8"
        }
      }
    },
    "cmake@latest": {
      "last_modified": "2025-11-23T21:50:36Z",
      "resolved": "github:NixOS/nixpkgs/ee09932cedcef15aaf476f9343d1dea2cb77e261#cmake",
      "source": "devbox-search",
      "version": "4.1.2",
      "systems": {
        "aarch64-darwin": {
          "outputs": [
            {
              "name": "out",
              "path": "/nix/store/0v5vpvwbl94qv9447jz995i4n9mx4l63-cmake-4.1.2",
              "default": true
            }
          ],
          "store_path": "/nix/store/0v5vpvwbl94qv9447jz995i4n9mx4l63-cmake-4.1.2"
        },
        "aarch64-linux": {
          "outputs": [
            {
              "name": "out",
              "path": "/nix/store/ipjw0mbzcycidbw62gsz47cgivqxm2lv-cmake-4.1.2",
              "default": true
            },
            {
              "name": "debug",
              "path": "/nix/store/4m6l2qb5s7vyirybbn3c5k1rv2dww1vy-cmake-4.1.2-debug"
            }
          ],
          "store_path": "/nix/store/ipjw0mbzcycidbw62gsz47cgivqxm2lv-cmake-4.1.2"
        },
        "x86_64-darwin": {
          "outputs": [
            {
              "name": "out",
              "path": "/nix/store/i7c7r2g0zycvi7wh3rnw1dx3aglbvw2d-cmake-4.1.2",
              "default": true
            }
          ],
          "store_path": "/nix/store/i7c7r2g0zycvi7wh3rnw1dx3aglbvw2d-cmake-4.1.2"
        },
        "x86_64-linux": {
          "outputs": [
            {
              "name": "out",
              "path": "/nix/store/w9jm660dykns6hzrdhxmqfywnc9ail8g-cmake-4.1.2",
              "default": true
            },
            {
              "name": "debug",
              "path": "/nix/store/pnizhra0882ijp3nilvzdzbaa0ayq4hd-cmake-4.1.2-debug"
            }
          ],
          "store_path": "/nix/store/w9jm660dykns6hzrdhxmqfywnc9ail8g-cmake-4.1.2"
        }
      }
    },
    "elkhound@latest": {
      "last_modified": "2026-04-23T13:07:47Z",
      "resolved": "github:NixOS/nixpkgs/01fbdeef22b76df85ea168fbfe1bfd9e63681b30#elkhound",
      "source": "devbox-search",
      "version": "0-unstable-2020-04-13",
      "systems": {
        "aarch64-darwin": {
          "outputs": [
            {
              "name": "out",
              "path": "/nix/store/1i4ny8flqb1pgd1ly7f3c13a6mh9i6bx-elkhound-0-unstable-2020-04-13",
              "default": true
            }
          ],
          "store_path": "/nix/store/1i4ny8flqb1pgd1ly7f3c13a6mh9i6bx-elkhound-0-unstable-2020-04-13"
        },
        "aarch64-linux": {
          "outputs": [
            {
              "name": "out",
              "path": "/nix/store/jzl4xkd3l33ryiqrsbzcjmlwwr8v3w5g-elkhound-0-unstable-2020-04-13",
              "default": true
            }
          ],
          "store_path": "/nix/store/jzl4xkd3l33ryiqrsbzcjmlwwr8v3w5g-elkhound-0-unstable-2020-04-13"
        },
        "x86_64-darwin": {
          "outputs": [
            {
              "name": "out",
              "path": "/nix/store/9n87n5khz2kzr3gkj2z6ynwgak0zskw5-elkhound-0-unstable-2020-04-13",
              "default": true
            }
          ],
          "store_path": "/nix/store/9n87n5khz2kzr3gkj2z6ynwgak0zskw5-elkhound-0-unstable-2020-04-13"
        },
        "x86_64-linux": {
          "outputs": [
            {
              "name": "out",
              "path": "/nix/store/macnab366i1q2zps273r05dh1pbs34y2-elkhound-0-unstable-2020-04-13",
              "default": true
            }
          ],
          "store_path": "/nix/store/macnab366i1q2zps273r05dh1pbs34y2-elkhound-0-unstable-2020-04-13"
        }
      }
    },
    "github:NixOS/nixpkgs/nixpkgs-unstable": {
      "last_modified": "2026-05-27T10:28:13Z",
      "resolved": "github:NixOS/nixpkgs/4100e830e085863741bc69b156ec4ccd53ab5be0?lastModified=1779877693&narHash=sha256-NOF9NAREhxr50bbBfVcVOq%2BArCMSoe8dP79Pk2uyARk%3D"
    },
    "just@latest": {
      "last_modified": "2026-05-12T01:56:55Z",
      "resolved": "github:NixOS/nixpkgs/0a0bf409f3593f415d0a554f33acc63dc7dccb43#just",
      "source": "devbox-search",
      "version": "1.51.0",
      "systems": {
        "aarch64-darwin": {
          "outputs": [
            {
              "name": "out",
              "path": "/nix/store/c9vv24f9bdnhnms10nwijn6q8wjz00ak-just-1.51.0",
              "default": true
            },
            {
              "name": "man",
              "path": "/nix/store/lxfs1naxd1a3934y9xsd1kid5yyw7jbn-just-1.51.0-man",
              "default": true
            },
            {
              "name": "doc",
              "path": "/nix/store/c8jdzd2s7hbldm1q1glrjisavxy1vf54-just-1.51.0-doc"
            }
          ],
          "store_path": "/nix/store/c9vv24f9bdnhnms10nwijn6q8wjz00ak-just-1.51.0"
        },
        "aarch64-linux": {
          "outputs": [
            {
              "name": "out",
              "path": "/nix/store/ljwadwqsib4zd6nvg6xi5rnzah9ad2q4-just-1.51.0",
              "default": true
            },
            {
              "name": "man",
              "path": "/nix/store/5m9rgkzibz19za2nmn83y9l5gsy2z1yh-just-1.51.0-man",
              "default": true
            },
            {
              "name": "doc",
              "path": "/nix/store/q80cv2gjn2q640fvsqgdj6ap2iihxwg9-just-1.51.0-doc"
            }
          ],
          "store_path": "/nix/store/ljwadwqsib4zd6nvg6xi5rnzah9ad2q4-just-1.51.0"
        },
        "x86_64-darwin": {
          "outputs": [
            {
              "name": "out",
              "path": "/nix/store/w0capgph40qykn19a9ghv38fjf06gg97-just-1.51.0",
              "default": true
            },
            {
              "name": "man",
              "path": "/nix/store/97jyxj8d9d4qjq25681ng88jnbdak1dx-just-1.51.0-man",
              "default": true
            },
            {
              "name": "doc",
              "path": "/nix/store/p8pb01d5w82lf8z0ah4kcc6ziwfvxfkr-just-1.51.0-doc"
            }
          ],
          "store_path": "/nix/store/w0capgph40qykn19a9ghv38fjf06gg97-just-1.51.0"
        },
        "x86_64-linux": {
          "outputs": [
            {
              "name": "out",
              "path": "/nix/store/zn7n9xnw5vx6cqf1az8b8p1pfsmrl9vw-just-1.51.0",
              "default": true
            },
            {
              "name": "man",
              "path": "/nix/store/mgc1wdhgkc9246s9a52j17ymw4745bal-just-1.51.0-man",
              "default": true
            },
            {
              "name": "doc",
              "path": "/nix/store/mkdym7bscwpn6y6dvzrblm5p87q9c2g0-just-1.51.0-doc"
            }
          ],
          "store_path": "/nix/store/zn7n9xnw5vx6cqf1az8b8p1pfsmrl9vw-just-1.51.0"
        }
      }
    },
    "llvm_21@latest": {
      "last_modified": "2026-05-20T06:38:13Z",
      "resolved": "github:NixOS/nixpkgs/d99b013d5d1931ad77fe3912ed218170dec5d9a4#llvm_21",
      "source": "devbox-search",
      "version": "21.1.8",
      "systems": {
        "aarch64-darwin": {
          "outputs": [
            {
              "name": "out",
              "path": "/nix/store/fib2wxwpvlc1q2qrxbhz2i961l2srcjw-llvm-21.1.8",
              "default": true
            },
            {
              "name": "dev",
              "path": "/nix/store/x0msv7ql9xm50fvz3x5p2gb01grnyqln-llvm-21.1.8-dev"
            },
            {
              "name": "lib",
              "path": "/nix/store/4fk7xkk9faias8kqzh1kagdhb87l5kcw-llvm-21.1.8-lib"
            },
            {
              "name": "python",
              "path": "/nix/store/6avba57frkpxqlw7d5mljr5a6ymvlygy-llvm-21.1.8-python"
            }
          ],
          "store_path": "/nix/store/fib2wxwpvlc1q2qrxbhz2i961l2srcjw-llvm-21.1.8"
        },
        "x86_64-darwin": {
          "outputs": [
            {
              "name": "out",
              "path": "/nix/store/dr58nil7xb6v4di6mmlvki3s1d8iwdym-llvm-21.1.8",
              "default": true
            },
            {
              "name": "dev",
              "path": "/nix/store/0hf3wfrd60fhgh7y1x7857pf7a1hypnm-llvm-21.1.8-dev"
            },
            {
              "name": "lib",
              "path": "/nix/store/lr9kz2ky0ys12cx0xz91rnkmbadaqvj0-llvm-21.1.8-lib"
            },
            {
              "name": "python",
              "path": "/nix/store/45y119pkm1p76bqn7lhp2i0nx0yk2x44-llvm-21.1.8-python"
            }
          ],
          "store_path": "/nix/store/dr58nil7xb6v4di6mmlvki3s1d8iwdym-llvm-21.1.8"
        },
        "x86_64-linux": {
          "outputs": [
            {
              "path": "/nix/store/jp45dqzv8mjpqsvhj99c93pc4vlmhy16-llvm-21.1.8",
              "default": true
            }
          ]
        }
      }
    },
    "meson@latest": {
      "last_modified": "2026-04-23T13:07:47Z",
      "resolved": "github:NixOS/nixpkgs/01fbdeef22b76df85ea168fbfe1bfd9e63681b30#meson",
      "source": "devbox-search",
      "version": "1.10.2",
      "systems": {
        "aarch64-darwin": {
          "outputs": [
            {
              "name": "out",
              "path": "/nix/store/6n4v1gz0mm00bfshwkim90m8lgk3vl7v-meson-1.10.2",
              "default": true
            },
            {
              "name": "dist",
              "path": "/nix/store/3rs6vn8hg7d7bpvgpy5a0sb771ipnmqr-meson-1.10.2-dist"
            }
          ],
          "store_path": "/nix/store/6n4v1gz0mm00bfshwkim90m8lgk3vl7v-meson-1.10.2"
        },
        "aarch64-linux": {
          "outputs": [
            {
              "name": "out",
              "path": "/nix/store/6z8m6833g2jhqr1qcymgvgnwlimzf2gc-meson-1.10.2",
              "default": true
            },
            {
              "name": "dist",
              "path": "/nix/store/9h5rhp6vl01chsk5jy9lhrp2k1i9rpi4-meson-1.10.2-dist"
            }
          ],
          "store_path": "/nix/store/6z8m6833g2jhqr1qcymgvgnwlimzf2gc-meson-1.10.2"
        },
        "x86_64-darwin": {
          "outputs": [
            {
              "name": "out",
              "path": "/nix/store/nqw332sbrxl3cr06vm9y1flqwhnxmjpx-meson-1.10.2",
              "default": true
            },
            {
              "name": "dist",
              "path": "/nix/store/vxlyiln5is5sca8xl47502jy30s64lnx-meson-1.10.2-dist"
            }
          ],
          "store_path": "/nix/store/nqw332sbrxl3cr06vm9y1flqwhnxmjpx-meson-1.10.2"
        },
        "x86_64-linux": {
          "outputs": [
            {
              "name": "out",
              "path": "/nix/store/vn448hbsgbh0ahk1bjv2l16f5lhambiq-meson-1.10.2",
              "default": true
            },
            {
              "name": "dist",
              "path": "/nix/store/n743v16gmbgdags1ihcxsiskxzd4zn51-meson-1.10.2-dist"
            }
          ],
          "store_path": "/nix/store/vn448hbsgbh0ahk1bjv2l16f5lhambiq-meson-1.10.2"
        }
      }
    },
    "ninja@latest": {
      "last_modified": "2025-11-23T21:50:36Z",
      "resolved": "github:NixOS/nixpkgs/ee09932cedcef15aaf476f9343d1dea2cb77e261#ninja",
      "source": "devbox-search",
      "version": "1.13.1",
      "systems": {
        "aarch64-darwin": {
          "outputs": [
            {
              "name": "out",
              "path": "/nix/store/6y79vrqachzns4pgl8r0j04b7g33hl52-ninja-1.13.1",
              "default": true
            }
          ],
          "store_path": "/nix/store/6y79vrqachzns4pgl8r0j04b7g33hl52-ninja-1.13.1"
        },
        "aarch64-linux": {
          "outputs": [
            {
              "name": "out",
              "path": "/nix/store/jpwn5zii6bzpvf9dm4dw7cdvwychpxwz-ninja-1.13.1",
              "default": true
            }
          ],
          "store_path": "/nix/store/jpwn5zii6bzpvf9dm4dw7cdvwychpxwz-ninja-1.13.1"
        },
        "x86_64-darwin": {
          "outputs": [
            {
              "name": "out",
              "path": "/nix/store/82kdfnd09s2npwlsnqzak29nf592czr6-ninja-1.13.1",
              "default": true
            }
          ],
          "store_path": "/nix/store/82kdfnd09s2npwlsnqzak29nf592czr6-ninja-1.13.1"
        },
        "x86_64-linux": {
          "outputs": [
            {
              "name": "out",
              "path": "/nix/store/nib1r4k4cqph7zjjnbfc1d6cbg11qr76-ninja-1.13.1",
              "default": true
            }
          ],
          "store_path": "/nix/store/nib1r4k4cqph7zjjnbfc1d6cbg11qr76-ninja-1.13.1"
        }
      }
    },
    "re2c@latest": {
      "last_modified": "2026-04-23T13:07:47Z",
      "resolved": "github:NixOS/nixpkgs/01fbdeef22b76df85ea168fbfe1bfd9e63681b30#re2c",
      "source": "devbox-search",
      "version": "4.5.1",
      "systems": {
        "aarch64-darwin": {
          "outputs": [
            {
              "name": "out",
              "path": "/nix/store/qbdjjl5qqrhls3ld8x8dlmsz8ddkazib-re2c-4.5.1",
              "default": true
            }
          ],
          "store_path": "/nix/store/qbdjjl5qqrhls3ld8x8dlmsz8ddkazib-re2c-4.5.1"
        },
        "aarch64-linux": {
          "outputs": [
            {
              "name": "out",
              "path": "/nix/store/b8dp3yrgky5ira1yqwjda0xa5ykf11qh-re2c-4.5.1",
              "default": true
            }
          ],
          "store_path": "/nix/store/b8dp3yrgky5ira1yqwjda0xa5ykf11qh-re2c-4.5.1"
        },
        "x86_64-darwin": {
          "outputs": [
            {
              "name": "out",
              "path": "/nix/store/3n0qpxbjhw2yziynjjg5pg0zbm2w5ka0-re2c-4.5.1",
              "default": true
            }
          ],
          "store_path": "/nix/store/3n0qpxbjhw2yziynjjg5pg0zbm2w5ka0-re2c-4.5.1"
        },
        "x86_64-linux": {
          "outputs": [
            {
              "name": "out",
              "path": "/nix/store/zkmywqm90m1wlmjs9x1ibr7hqlvy0rxk-re2c-4.5.1",
              "default": true
            }
          ],
          "store_path": "/nix/store/zkmywqm90m1wlmjs9x1ibr7hqlvy0rxk-re2c-4.5.1"
        }
      }
    },
    "upx@latest": {
      "last_modified": "2026-04-23T13:07:47Z",
      "resolved": "github:NixOS/nixpkgs/01fbdeef22b76df85ea168fbfe1bfd9e63681b30#upx",
      "source": "devbox-search",
      "version": "5.1.1",
      "systems": {
        "aarch64-darwin": {
          "outputs": [
            {
              "name": "out",
              "path": "/nix/store/3pdjnvn7dwb8vy83nizsmhc0rz3168ag-upx-5.1.1",
              "default": true
            }
          ],
          "store_path": "/nix/store/3pdjnvn7dwb8vy83nizsmhc0rz3168ag-upx-5.1.1"
        },
        "aarch64-linux": {
          "outputs": [
            {
              "name": "out",
              "path": "/nix/store/yzbhnskpv9nljzilxp304r2j6k1vjw2z-upx-5.1.1",
              "default": true
            }
          ],
          "store_path": "/nix/store/yzbhnskpv9nljzilxp304r2j6k1vjw2z-upx-5.1.1"
        },
        "x86_64-darwin": {
          "outputs": [
            {
              "name": "out",
              "path": "/nix/store/wapnpy8iha8ppqiwimnwzrd4iflmwjvx-upx-5.1.1",
              "default": true
            }
          ],
          "store_path": "/nix/store/wapnpy8iha8ppqiwimnwzrd4iflmwjvx-upx-5.1.1"
        },
        "x86_64-linux": {
          "outputs": [
            {
              "name": "out",
              "path": "/nix/store/hll6j133cshbvrfka1w10xkhmaks4qc8-upx-5.1.1",
              "default": true
            }
          ],
          "store_path": "/nix/store/hll6j133cshbvrfka1w10xkhmaks4qc8-upx-5.1.1"
        }
      }
    },
    "zig@latest": {
      "last_modified": "2026-04-23T13:07:47Z",
      "resolved": "github:NixOS/nixpkgs/01fbdeef22b76df85ea168fbfe1bfd9e63681b30#zig",
      "source": "devbox-search",
      "version": "0.16.0",
      "systems": {
        "aarch64-darwin": {
          "outputs": [
            {
              "name": "out",
              "path": "/nix/store/8fbny795qwfafb1cbpjn88pgpf1c4hy0-zig-0.16.0",
              "default": true
            },
            {
              "name": "doc",
              "path": "/nix/store/hm5rq50jvjkzzam0nq6z9yz9841v8xjz-zig-0.16.0-doc"
            }
          ],
          "store_path": "/nix/store/8fbny795qwfafb1cbpjn88pgpf1c4hy0-zig-0.16.0"
        },
        "aarch64-linux": {
          "outputs": [
            {
              "name": "out",
              "path": "/nix/store/pn72xkyssl6ma3l9h62l7dzjn6s7mi76-zig-0.16.0",
              "default": true
            },
            {
              "name": "doc",
              "path": "/nix/store/34mx1fjd6flr9gx1xaqiy7mfygy5vb5q-zig-0.16.0-doc"
            }
          ],
          "store_path": "/nix/store/pn72xkyssl6ma3l9h62l7dzjn6s7mi76-zig-0.16.0"
        },
        "x86_64-darwin": {
          "outputs": [
            {
              "name": "out",
              "path": "/nix/store/14aww3mndfd8196lhbigdcl7lmng9v89-zig-0.16.0",
              "default": true
            },
            {
              "name": "doc",
              "path": "/nix/store/wg9178c9qz9arswpw7sp1p873mfw2xrq-zig-0.16.0-doc"
            }
          ],
          "store_path": "/nix/store/14aww3mndfd8196lhbigdcl7lmng9v89-zig-0.16.0"
        },
        "x86_64-linux": {
          "outputs": [
            {
              "name": "out",
              "path": "/nix/store/5x5y75rc3l43ic0lwal6wzk7wi1ga3m1-zig-0.16.0",
              "default": true
            },
            {
              "name": "doc",
              "path": "/nix/store/m905p00gd6v9lmvfy44sz1arjydasmjq-zig-0.16.0-doc"
            }
          ],
          "store_path": "/nix/store/5x5y75rc3l43ic0lwal6wzk7wi1ga3m1-zig-0.16.0"
        }
      }
    }
  }
}
